// !$*UTF8*$!
{
	archiveVersion = 1;
	classes = {
	};
	objectVersion = 63;
	objects = {

/* Begin PBXBuildFile section */
		02AA3868F22B4D497DF98C4A /* GoogleService-Info.plist in Resources */ = {isa = PBXBuildFile; fileRef = 3CC9C3274E6A4F254CEAA6A1 /* GoogleService-Info.plist */; };
		09198218133C2AABFB4A2EE4 /* FirebaseAuth in Frameworks */ = {isa = PBXBuildFile; productRef = 56C81F160193F22EB94EA0B2 /* FirebaseAuth */; };
		0A764374EE9687C0474468F5 /* WeightViewModel.swift in Sources */ = {isa = PBXBuildFile; fileRef = 2BC643F36132FFB60AD6C63F /* WeightViewModel.swift */; };
		0ED646278CAD55B8CBFABAA4 /* WeightInputViewModel.swift in Sources */ = {isa = PBXBuildFile; fileRef = 165353821DFBE63F176DD5EC /* WeightInputViewModel.swift */; };
		10D425E1A1A4427B4EAEE826 /* MealsViewModel.swift in Sources */ = {isa = PBXBuildFile; fileRef = D3EFCA36EC0123EE9C8DC57A /* MealsViewModel.swift */; };
		11289E4A7F0B4068E62C9064 /* AppleSignInManager.swift in Sources */ = {isa = PBXBuildFile; fileRef = 9F429EF1E72BA21AAB5D650F /* AppleSignInManager.swift */; };
		15FB70824FCCE86C38D34772 /* Meal.swift in Sources */ = {isa = PBXBuildFile; fileRef = 3E4D95F83E8D7B930C133A00 /* Meal.swift */; };
		18B33B30B796851296B10D0B /* WeightRecord.swift in Sources */ = {isa = PBXBuildFile; fileRef = BB9B889F094B7078D80B6774 /* WeightRecord.swift */; };
		1FCF186149FC8849C784A7C1 /* FoodItemEditRow.swift in Sources */ = {isa = PBXBuildFile; fileRef = FB4E5055448E321007BE33D2 /* FoodItemEditRow.swift */; };
		214BE413FC5F0DD36B7BBE0A /* APIError.swift in Sources */ = {isa = PBXBuildFile; fileRef = 29390303E2235204CDE4AE9C /* APIError.swift */; };
		22180624F61C2C0F19B3ADBC /* .swiftlint.yml in Resources */ = {isa = PBXBuildFile; fileRef = D08FF0AB5413B6C56251BF43 /* .swiftlint.yml */; };
		22DC7B3450A37280C89A8A64 /* NotificationSettings.swift in Sources */ = {isa = PBXBuildFile; fileRef = 3A3EC520C975F7D5C9044B48 /* NotificationSettings.swift */; };
		2821BEEF2B0F58C17E96AEBF /* WeightViewModelTests.swift in Sources */ = {isa = PBXBuildFile; fileRef = 98E56E0BE789B63D10663336 /* WeightViewModelTests.swift */; };
		31C172F20CED1CB91F498F10 /* FirebaseAuthServiceProtocol.swift in Sources */ = {isa = PBXBuildFile; fileRef = D780587BCB8A0793B32F0A2A /* FirebaseAuthServiceProtocol.swift */; };
		393D2E6F3C751FD1802F7D6E /* LoginViewModel.swift in Sources */ = {isa = PBXBuildFile; fileRef = DB076D4C09182F8F36C28530 /* LoginViewModel.swift */; };
		3B26D80A8EC3B7EC05675E6F /* APIEndpoint.swift in Sources */ = {isa = PBXBuildFile; fileRef = 2F19ED1AEBCFE77CED638ADA /* APIEndpoint.swift */; };
		3C300AFADAC2D264E9069D05 /* NotificationSettingsModelTests.swift in Sources */ = {isa = PBXBuildFile; fileRef = DA42D088CCE3477078E9EDB7 /* NotificationSettingsModelTests.swift */; };
		3FCC9E6AD3F302DDDC02FE67 /* QuantityParserTests.swift in Sources */ = {isa = PBXBuildFile; fileRef = F0DE89FB778FECC3E02500A2 /* QuantityParserTests.swift */; };
		3FEE4B5E8485D3E298A72408 /* MealInputManualFoodTests.swift in Sources */ = {isa = PBXBuildFile; fileRef = 7A1AABFCF12551A7DC270FE0 /* MealInputManualFoodTests.swift */; };
		405B649B457B315731D9CF97 /* MealInputViewModelSkipTests.swift in Sources */ = {isa = PBXBuildFile; fileRef = F8B27EA596ED58D0CB9CB7BD /* MealInputViewModelSkipTests.swift */; };
		429200B9AEC62D0AA8360997 /* UchikomiCore.framework in Frameworks */ = {isa = PBXBuildFile; fileRef = E4456D284B8FFDA32C61020F /* UchikomiCore.framework */; };
		45D6AACBFF1252C4A9C6C7B2 /* NotificationSettingsViewModelTests.swift in Sources */ = {isa = PBXBuildFile; fileRef = 2F5628A80D5EB8CFEEE5712B /* NotificationSettingsViewModelTests.swift */; };
		4B830E0923EAD47927AB349E /* WeightChartView.swift in Sources */ = {isa = PBXBuildFile; fileRef = 638F820A12494A2EFF5BA0B2 /* WeightChartView.swift */; };
		516AA1DBC0D4B43E4CBE7153 /* Auth.swift in Sources */ = {isa = PBXBuildFile; fileRef = 0A410440853CE4376951B253 /* Auth.swift */; };
		547CB089B8E479E5C1D0D55A /* NutritionEditorViewModel.swift in Sources */ = {isa = PBXBuildFile; fileRef = B35C15EC738FAEE58F76C129 /* NutritionEditorViewModel.swift */; };
		5480C2A55D426869ACF0E45B /* AppDelegate.swift in Sources */ = {isa = PBXBuildFile; fileRef = 8F851C2BC1FF724BCE4C2746 /* AppDelegate.swift */; };
		56551A592DA89C0E19B257FF /* Assets.xcassets in Resources */ = {isa = PBXBuildFile; fileRef = 73781A308EDE339E10EA5366 /* Assets.xcassets */; };
		5F5B7287856C23CF9B9C94D2 /* MealRepository.swift in Sources */ = {isa = PBXBuildFile; fileRef = 636C4DA5C817D1B8E0F02AF2 /* MealRepository.swift */; };
		63B41CD47441987431C32377 /* CameraView.swift in Sources */ = {isa = PBXBuildFile; fileRef = EB7BAD65BDD3EECCD02645FD /* CameraView.swift */; };
		67FA1E5566B583F4558A3941 /* WeightGoalCard.swift in Sources */ = {isa = PBXBuildFile; fileRef = 9238F2DC08000E93B04CCF6C /* WeightGoalCard.swift */; };
		6B64EAE806E6B990E7D3D0E1 /* UchikomiApp.swift in Sources */ = {isa = PBXBuildFile; fileRef = 8DD06CFC183C1CAC7FA104AB /* UchikomiApp.swift */; };
		6C077CE8CE8874143A6BA70C /* SnapshotTesting in Frameworks */ = {isa = PBXBuildFile; productRef = 10E2B29939E6D92AB198963D /* SnapshotTesting */; };
		70726C309F0539D8BB60A33E /* WeightInputViewModelTests.swift in Sources */ = {isa = PBXBuildFile; fileRef = 213294F059CDFA7FCD9035B1 /* WeightInputViewModelTests.swift */; };
		71049E8892D4C8F5F42BF598 /* WeightRepository.swift in Sources */ = {isa = PBXBuildFile; fileRef = D263D2BE9A384E6FEE79B283 /* WeightRepository.swift */; };
		7664962D026963AAC04D3B83 /* GoogleSignInSwift in Frameworks */ = {isa = PBXBuildFile; productRef = 66AE8D03922DFDF6355C2511 /* GoogleSignInSwift */; };
		7848B10E4D4CFAA85D5321BF /* WeightGoalSheet.swift in Sources */ = {isa = PBXBuildFile; fileRef = F3CBE0301E1CCA902D6671AB /* WeightGoalSheet.swift */; };
		7D29394812008529F927A80F /* WeightRecordRow.swift in Sources */ = {isa = PBXBuildFile; fileRef = 339AA9044DFFD3CF4742F75A /* WeightRecordRow.swift */; };
		80C1E84D907E8AD6B18F82FC /* APIClient.swift in Sources */ = {isa = PBXBuildFile; fileRef = 7566864AF9A1104077390858 /* APIClient.swift */; };
		8770D6E552995CB5033F5D32 /* GoogleSignIn in Frameworks */ = {isa = PBXBuildFile; productRef = 5E51A7683A1290B3173CB499 /* GoogleSignIn */; };
		9011CBE04F0819CF5A2D075D /* MealInputViewModel.swift in Sources */ = {isa = PBXBuildFile; fileRef = 60D91DEAF3D61C3AD33B6715 /* MealInputViewModel.swift */; };
		90E5EF7C338CF7A82E72753A /* UchikomiCore.framework in Frameworks */ = {isa = PBXBuildFile; fileRef = E4456D284B8FFDA32C61020F /* UchikomiCore.framework */; };
		90F865FA0B70BC7613FF31E8 /* WeightInputView.swift in Sources */ = {isa = PBXBuildFile; fileRef = E7A1EE73C03E23E5ABEDCD01 /* WeightInputView.swift */; };
		928F02C73C3073928089B90A /* AuthManagerTests.swift in Sources */ = {isa = PBXBuildFile; fileRef = 8F948686D9186C257FE8BB85 /* AuthManagerTests.swift */; };
		936552E65ECC1A9F99EE503D /* NutritionSummaryCard.swift in Sources */ = {isa = PBXBuildFile; fileRef = A21E7FB1D3B311EA8DA5DA4F /* NutritionSummaryCard.swift */; };
		968CF1226C9FF56C24552E7C /* AuthManager.swift in Sources */ = {isa = PBXBuildFile; fileRef = 60FBB22212EE45FDC05FA9F3 /* AuthManager.swift */; };
		9939611EB00A3F8CC08FAB5C /* LoginView.swift in Sources */ = {isa = PBXBuildFile; fileRef = BDFB317F298304ADE5A541E1 /* LoginView.swift */; };
		9AC224A5F6470B885B8DDDC1 /* WeightView.swift in Sources */ = {isa = PBXBuildFile; fileRef = 7618A20100D4B29C46ED6468 /* WeightView.swift */; };
		9AFC5C49FDD964031F30E04C /* Theme.swift in Sources */ = {isa = PBXBuildFile; fileRef = BFA2222E86DCD9A696476C35 /* Theme.swift */; };
		9E820E97DF8F143CB2DDED6E /* NotificationSettingsView.swift in Sources */ = {isa = PBXBuildFile; fileRef = 111989CFA3D813C2AF3757AC /* NotificationSettingsView.swift */; };
		A02FAEFF3BEEC9BBC44E6291 /* NotificationSettingsViewModel.swift in Sources */ = {isa = PBXBuildFile; fileRef = BB97F37288E662D82E4D89B3 /* NotificationSettingsViewModel.swift */; };
		A8AC5BD7EE06114D2E276746 /* MealsView.swift in Sources */ = {isa = PBXBuildFile; fileRef = 51EF1CA05F42093F7BCC75CA /* MealsView.swift */; };
		B1BF86A829BF5A63107F33C1 /* NotificationManager.swift in Sources */ = {isa = PBXBuildFile; fileRef = 5458CC3DF20BF66229BBBBC4 /* NotificationManager.swift */; };
		B3D2D8854BFB1B4D794563D8 /* MockFirebaseAuthService.swift in Sources */ = {isa = PBXBuildFile; fileRef = D110691FF801C9B691572637 /* MockFirebaseAuthService.swift */; };
		BC9C2C57BAA437DA714F71C5 /* UchikomiCore.framework in Embed Frameworks */ = {isa = PBXBuildFile; fileRef = E4456D284B8FFDA32C61020F /* UchikomiCore.framework */; settings = {ATTRIBUTES = (CodeSignOnCopy, RemoveHeadersOnCopy, ); }; };
		BCA7CB63D2B15F0B53BF0C14 /* MealInputView.swift in Sources */ = {isa = PBXBuildFile; fileRef = 12EDB121AC061828D06504D0 /* MealInputView.swift */; };
		BF2DEC59EAA4AEE081186399 /* AppEnvironment.swift in Sources */ = {isa = PBXBuildFile; fileRef = 654F04EFCD263AE6A5D15331 /* AppEnvironment.swift */; };
		C68F4A4EA4C55E115D39ADB7 /* FirebaseAuthService.swift in Sources */ = {isa = PBXBuildFile; fileRef = 144E0E491A0CAA01D5ED1667 /* FirebaseAuthService.swift */; };
		C6B7EF6646FE85F7757EB154 /* MockGenerated.swift in Sources */ = {isa = PBXBuildFile; fileRef = 42D8BB07E83AA3271540B9F4 /* MockGenerated.swift */; };
		C864477C1DA0E0D314F4D617 /* NutritionEditorView.swift in Sources */ = {isa = PBXBuildFile; fileRef = 8193C72B63A234AA467F7E45 /* NutritionEditorView.swift */; };
		CEF12EA06D304601907FD2B6 /* MealInputViewModelTests.swift in Sources */ = {isa = PBXBuildFile; fileRef = 184D67B65EAB24741CDFAB0D /* MealInputViewModelTests.swift */; };
		DC2E8F059156BD564A17EDBF /* QuantityParser.swift in Sources */ = {isa = PBXBuildFile; fileRef = C6B8DB6DEF861594C8FEDA15 /* QuantityParser.swift */; };
		DC915DC4CCA0EC233B1FA3DC /* FoodEditItemTests.swift in Sources */ = {isa = PBXBuildFile; fileRef = CBD80B6D69ECA5BEDC5C6173 /* FoodEditItemTests.swift */; };
		E278AC45E79840257F8A1253 /* SettingsView.swift in Sources */ = {isa = PBXBuildFile; fileRef = 35059CC7496A739452218269 /* SettingsView.swift */; };
		EEF299C65F3E2D388454ABF6 /* FoodEditItem.swift in Sources */ = {isa = PBXBuildFile; fileRef = 7270033D73999E560F355AF4 /* FoodEditItem.swift */; };
		F72A429C892F12634139B75B /* SettingsViewModel.swift in Sources */ = {isa = PBXBuildFile; fileRef = EBD04E0A1E562544A36F2565 /* SettingsViewModel.swift */; };
/* End PBXBuildFile section */

/* Begin PBXContainerItemProxy section */
		377C480D9D20362F09C9CC1F /* PBXContainerItemProxy */ = {
			isa = PBXContainerItemProxy;
			containerPortal = BF52F75889D6BB9E1968612B /* Project object */;
			proxyType = 1;
			remoteGlobalIDString = C53720A77BB7F46352985FE6;
			remoteInfo = UchikomiCore;
		};
		AE127F4E4D6C1DAA72D05084 /* PBXContainerItemProxy */ = {
			isa = PBXContainerItemProxy;
			containerPortal = BF52F75889D6BB9E1968612B /* Project object */;
			proxyType = 1;
			remoteGlobalIDString = B600300EE7A5CB7D431959E3;
			remoteInfo = Uchikomi;
		};
		CF473514A5C0EC76D46775D6 /* PBXContainerItemProxy */ = {
			isa = PBXContainerItemProxy;
			containerPortal = BF52F75889D6BB9E1968612B /* Project object */;
			proxyType = 1;
			remoteGlobalIDString = C53720A77BB7F46352985FE6;
			remoteInfo = UchikomiCore;
		};
/* End PBXContainerItemProxy section */

/* Begin PBXCopyFilesBuildPhase section */
		8E77391B15DA3007FFDDD274 /* Embed Frameworks */ = {
			isa = PBXCopyFilesBuildPhase;
			buildActionMask = 2147483647;
			dstPath = "";
			dstSubfolderSpec = 10;
			files = (
				BC9C2C57BAA437DA714F71C5 /* UchikomiCore.framework in Embed Frameworks */,
			);
			name = "Embed Frameworks";
			runOnlyForDeploymentPostprocessing = 0;
		};
/* End PBXCopyFilesBuildPhase section */

/* Begin PBXFileReference section */
		0A410440853CE4376951B253 /* Auth.swift */ = {isa = PBXFileReference; lastKnownFileType = sourcecode.swift; path = Auth.swift; sourceTree = "<group>"; };
		111989CFA3D813C2AF3757AC /* NotificationSettingsView.swift */ = {isa = PBXFileReference; lastKnownFileType = sourcecode.swift; path = NotificationSettingsView.swift; sourceTree = "<group>"; };
		12EDB121AC061828D06504D0 /* MealInputView.swift */ = {isa = PBXFileReference; lastKnownFileType = sourcecode.swift; path = MealInputView.swift; sourceTree = "<group>"; };
		144E0E491A0CAA01D5ED1667 /* FirebaseAuthService.swift */ = {isa = PBXFileReference; lastKnownFileType = sourcecode.swift; path = FirebaseAuthService.swift; sourceTree = "<group>"; };
		165353821DFBE63F176DD5EC /* WeightInputViewModel.swift */ = {isa = PBXFileReference; lastKnownFileType = sourcecode.swift; path = WeightInputViewModel.swift; sourceTree = "<group>"; };
		184D67B65EAB24741CDFAB0D /* MealInputViewModelTests.swift */ = {isa = PBXFileReference; lastKnownFileType = sourcecode.swift; path = MealInputViewModelTests.swift; sourceTree = "<group>"; };
		213294F059CDFA7FCD9035B1 /* WeightInputViewModelTests.swift */ = {isa = PBXFileReference; lastKnownFileType = sourcecode.swift; path = WeightInputViewModelTests.swift; sourceTree = "<group>"; };
		29390303E2235204CDE4AE9C /* APIError.swift */ = {isa = PBXFileReference; lastKnownFileType = sourcecode.swift; path = APIError.swift; sourceTree = "<group>"; };
		2BC643F36132FFB60AD6C63F /* WeightViewModel.swift */ = {isa = PBXFileReference; lastKnownFileType = sourcecode.swift; path = WeightViewModel.swift; sourceTree = "<group>"; };
		2F19ED1AEBCFE77CED638ADA /* APIEndpoint.swift */ = {isa = PBXFileReference; lastKnownFileType = sourcecode.swift; path = APIEndpoint.swift; sourceTree = "<group>"; };
		2F5628A80D5EB8CFEEE5712B /* NotificationSettingsViewModelTests.swift */ = {isa = PBXFileReference; lastKnownFileType = sourcecode.swift; path = NotificationSettingsViewModelTests.swift; sourceTree = "<group>"; };
		3108E437ABED88CC7EAA39E3 /* Uchikomi.entitlements */ = {isa = PBXFileReference; lastKnownFileType = text.plist.entitlements; path = Uchikomi.entitlements; sourceTree = "<group>"; };
		339AA9044DFFD3CF4742F75A /* WeightRecordRow.swift */ = {isa = PBXFileReference; lastKnownFileType = sourcecode.swift; path = WeightRecordRow.swift; sourceTree = "<group>"; };
		35059CC7496A739452218269 /* SettingsView.swift */ = {isa = PBXFileReference; lastKnownFileType = sourcecode.swift; path = SettingsView.swift; sourceTree = "<group>"; };
		3A3EC520C975F7D5C9044B48 /* NotificationSettings.swift */ = {isa = PBXFileReference; lastKnownFileType = sourcecode.swift; path = NotificationSettings.swift; sourceTree = "<group>"; };
		3CC9C3274E6A4F254CEAA6A1 /* GoogleService-Info.plist */ = {isa = PBXFileReference; lastKnownFileType = text.plist; path = "GoogleService-Info.plist"; sourceTree = "<group>"; };
		3E4D95F83E8D7B930C133A00 /* Meal.swift */ = {isa = PBXFileReference; lastKnownFileType = sourcecode.swift; path = Meal.swift; sourceTree = "<group>"; };
		42D8BB07E83AA3271540B9F4 /* MockGenerated.swift */ = {isa = PBXFileReference; lastKnownFileType = sourcecode.swift; path = MockGenerated.swift; sourceTree = "<group>"; };
		4D88D46424FDDACFA2C4BE21 /* Uchikomi.app */ = {isa = PBXFileReference; explicitFileType = wrapper.application; includeInIndex = 0; path = Uchikomi.app; sourceTree = BUILT_PRODUCTS_DIR; };
		51EF1CA05F42093F7BCC75CA /* MealsView.swift */ = {isa = PBXFileReference; lastKnownFileType = sourcecode.swift; path = MealsView.swift; sourceTree = "<group>"; };
		5458CC3DF20BF66229BBBBC4 /* NotificationManager.swift */ = {isa = PBXFileReference; lastKnownFileType = sourcecode.swift; path = NotificationManager.swift; sourceTree = "<group>"; };
		5C3691AD20FAA39F54C59A01 /* UchikomiTests.xctest */ = {isa = PBXFileReference; includeInIndex = 0; lastKnownFileType = wrapper.cfbundle; path = UchikomiTests.xctest; sourceTree = BUILT_PRODUCTS_DIR; };
		60D91DEAF3D61C3AD33B6715 /* MealInputViewModel.swift */ = {isa = PBXFileReference; lastKnownFileType = sourcecode.swift; path = MealInputViewModel.swift; sourceTree = "<group>"; };
		60FBB22212EE45FDC05FA9F3 /* AuthManager.swift */ = {isa = PBXFileReference; lastKnownFileType = sourcecode.swift; path = AuthManager.swift; sourceTree = "<group>"; };
		636C4DA5C817D1B8E0F02AF2 /* MealRepository.swift */ = {isa = PBXFileReference; lastKnownFileType = sourcecode.swift; path = MealRepository.swift; sourceTree = "<group>"; };
		638F820A12494A2EFF5BA0B2 /* WeightChartView.swift */ = {isa = PBXFileReference; lastKnownFileType = sourcecode.swift; path = WeightChartView.swift; sourceTree = "<group>"; };
		654F04EFCD263AE6A5D15331 /* AppEnvironment.swift */ = {isa = PBXFileReference; lastKnownFileType = sourcecode.swift; path = AppEnvironment.swift; sourceTree = "<group>"; };
		7270033D73999E560F355AF4 /* FoodEditItem.swift */ = {isa = PBXFileReference; lastKnownFileType = sourcecode.swift; path = FoodEditItem.swift; sourceTree = "<group>"; };
		73781A308EDE339E10EA5366 /* Assets.xcassets */ = {isa = PBXFileReference; lastKnownFileType = folder.assetcatalog; path = Assets.xcassets; sourceTree = "<group>"; };
		74BA1A7B25B0A786BB8F9486 /* Info.plist */ = {isa = PBXFileReference; lastKnownFileType = text.plist; path = Info.plist; sourceTree = "<group>"; };
		7566864AF9A1104077390858 /* APIClient.swift */ = {isa = PBXFileReference; lastKnownFileType = sourcecode.swift; path = APIClient.swift; sourceTree = "<group>"; };
		7618A20100D4B29C46ED6468 /* WeightView.swift */ = {isa = PBXFileReference; lastKnownFileType = sourcecode.swift; path = WeightView.swift; sourceTree = "<group>"; };
		7A1AABFCF12551A7DC270FE0 /* MealInputManualFoodTests.swift */ = {isa = PBXFileReference; lastKnownFileType = sourcecode.swift; path = MealInputManualFoodTests.swift; sourceTree = "<group>"; };
		8193C72B63A234AA467F7E45 /* NutritionEditorView.swift */ = {isa = PBXFileReference; lastKnownFileType = sourcecode.swift; path = NutritionEditorView.swift; sourceTree = "<group>"; };
		8DD06CFC183C1CAC7FA104AB /* UchikomiApp.swift */ = {isa = PBXFileReference; lastKnownFileType = sourcecode.swift; path = UchikomiApp.swift; sourceTree = "<group>"; };
		8F851C2BC1FF724BCE4C2746 /* AppDelegate.swift */ = {isa = PBXFileReference; lastKnownFileType = sourcecode.swift; path = AppDelegate.swift; sourceTree = "<group>"; };
		8F948686D9186C257FE8BB85 /* AuthManagerTests.swift */ = {isa = PBXFileReference; lastKnownFileType = sourcecode.swift; path = AuthManagerTests.swift; sourceTree = "<group>"; };
		9238F2DC08000E93B04CCF6C /* WeightGoalCard.swift */ = {isa = PBXFileReference; lastKnownFileType = sourcecode.swift; path = WeightGoalCard.swift; sourceTree = "<group>"; };
		98E56E0BE789B63D10663336 /* WeightViewModelTests.swift */ = {isa = PBXFileReference; lastKnownFileType = sourcecode.swift; path = WeightViewModelTests.swift; sourceTree = "<group>"; };
		9F429EF1E72BA21AAB5D650F /* AppleSignInManager.swift */ = {isa = PBXFileReference; lastKnownFileType = sourcecode.swift; path = AppleSignInManager.swift; sourceTree = "<group>"; };
		A21E7FB1D3B311EA8DA5DA4F /* NutritionSummaryCard.swift */ = {isa = PBXFileReference; lastKnownFileType = sourcecode.swift; path = NutritionSummaryCard.swift; sourceTree = "<group>"; };
		B35C15EC738FAEE58F76C129 /* NutritionEditorViewModel.swift */ = {isa = PBXFileReference; lastKnownFileType = sourcecode.swift; path = NutritionEditorViewModel.swift; sourceTree = "<group>"; };
		BB97F37288E662D82E4D89B3 /* NotificationSettingsViewModel.swift */ = {isa = PBXFileReference; lastKnownFileType = sourcecode.swift; path = NotificationSettingsViewModel.swift; sourceTree = "<group>"; };
		BB9B889F094B7078D80B6774 /* WeightRecord.swift */ = {isa = PBXFileReference; lastKnownFileType = sourcecode.swift; path = WeightRecord.swift; sourceTree = "<group>"; };
		BDFB317F298304ADE5A541E1 /* LoginView.swift */ = {isa = PBXFileReference; lastKnownFileType = sourcecode.swift; path = LoginView.swift; sourceTree = "<group>"; };
		BFA2222E86DCD9A696476C35 /* Theme.swift */ = {isa = PBXFileReference; lastKnownFileType = sourcecode.swift; path = Theme.swift; sourceTree = "<group>"; };
		C6B8DB6DEF861594C8FEDA15 /* QuantityParser.swift */ = {isa = PBXFileReference; lastKnownFileType = sourcecode.swift; path = QuantityParser.swift; sourceTree = "<group>"; };
		CBD80B6D69ECA5BEDC5C6173 /* FoodEditItemTests.swift */ = {isa = PBXFileReference; lastKnownFileType = sourcecode.swift; path = FoodEditItemTests.swift; sourceTree = "<group>"; };
		D08FF0AB5413B6C56251BF43 /* .swiftlint.yml */ = {isa = PBXFileReference; lastKnownFileType = text.yaml; path = .swiftlint.yml; sourceTree = "<group>"; };
		D110691FF801C9B691572637 /* MockFirebaseAuthService.swift */ = {isa = PBXFileReference; lastKnownFileType = sourcecode.swift; path = MockFirebaseAuthService.swift; sourceTree = "<group>"; };
		D263D2BE9A384E6FEE79B283 /* WeightRepository.swift */ = {isa = PBXFileReference; lastKnownFileType = sourcecode.swift; path = WeightRepository.swift; sourceTree = "<group>"; };
		D3EFCA36EC0123EE9C8DC57A /* MealsViewModel.swift */ = {isa = PBXFileReference; lastKnownFileType = sourcecode.swift; path = MealsViewModel.swift; sourceTree = "<group>"; };
		D780587BCB8A0793B32F0A2A /* FirebaseAuthServiceProtocol.swift */ = {isa = PBXFileReference; lastKnownFileType = sourcecode.swift; path = FirebaseAuthServiceProtocol.swift; sourceTree = "<group>"; };
		DA42D088CCE3477078E9EDB7 /* NotificationSettingsModelTests.swift */ = {isa = PBXFileReference; lastKnownFileType = sourcecode.swift; path = NotificationSettingsModelTests.swift; sourceTree = "<group>"; };
		DB076D4C09182F8F36C28530 /* LoginViewModel.swift */ = {isa = PBXFileReference; lastKnownFileType = sourcecode.swift; path = LoginViewModel.swift; sourceTree = "<group>"; };
		E4456D284B8FFDA32C61020F /* UchikomiCore.framework */ = {isa = PBXFileReference; explicitFileType = wrapper.framework; includeInIndex = 0; path = UchikomiCore.framework; sourceTree = BUILT_PRODUCTS_DIR; };
		E7A1EE73C03E23E5ABEDCD01 /* WeightInputView.swift */ = {isa = PBXFileReference; lastKnownFileType = sourcecode.swift; path = WeightInputView.swift; sourceTree = "<group>"; };
		EB7BAD65BDD3EECCD02645FD /* CameraView.swift */ = {isa = PBXFileReference; lastKnownFileType = sourcecode.swift; path = CameraView.swift; sourceTree = "<group>"; };
		EBD04E0A1E562544A36F2565 /* SettingsViewModel.swift */ = {isa = PBXFileReference; lastKnownFileType = sourcecode.swift; path = SettingsViewModel.swift; sourceTree = "<group>"; };
		F0DE89FB778FECC3E02500A2 /* QuantityParserTests.swift */ = {isa = PBXFileReference; lastKnownFileType = sourcecode.swift; path = QuantityParserTests.swift; sourceTree = "<group>"; };
		F3CBE0301E1CCA902D6671AB /* WeightGoalSheet.swift */ = {isa = PBXFileReference; lastKnownFileType = sourcecode.swift; path = WeightGoalSheet.swift; sourceTree = "<group>"; };
		F8B27EA596ED58D0CB9CB7BD /* MealInputViewModelSkipTests.swift */ = {isa = PBXFileReference; lastKnownFileType = sourcecode.swift; path = MealInputViewModelSkipTests.swift; sourceTree = "<group>"; };
		FB4E5055448E321007BE33D2 /* FoodItemEditRow.swift */ = {isa = PBXFileReference; lastKnownFileType = sourcecode.swift; path = FoodItemEditRow.swift; sourceTree = "<group>"; };
/* End PBXFileReference section */

/* Begin PBXFrameworksBuildPhase section */
		510175C1A9A9DDE74791F652 /* Frameworks */ = {
			isa = PBXFrameworksBuildPhase;
			buildActionMask = 2147483647;
			files = (
				90E5EF7C338CF7A82E72753A /* UchikomiCore.framework in Frameworks */,
				6C077CE8CE8874143A6BA70C /* SnapshotTesting in Frameworks */,
			);
			runOnlyForDeploymentPostprocessing = 0;
		};
		679A80CF2365EABC5D4CAE9B /* Frameworks */ = {
			isa = PBXFrameworksBuildPhase;
			buildActionMask = 2147483647;
			files = (
				429200B9AEC62D0AA8360997 /* UchikomiCore.framework in Frameworks */,
				09198218133C2AABFB4A2EE4 /* FirebaseAuth in Frameworks */,
				8770D6E552995CB5033F5D32 /* GoogleSignIn in Frameworks */,
				7664962D026963AAC04D3B83 /* GoogleSignInSwift in Frameworks */,
			);
			runOnlyForDeploymentPostprocessing = 0;
		};
/* End PBXFrameworksBuildPhase section */

/* Begin PBXGroup section */
		02BA6CCAEA7675BB188D6972 /* App */ = {
			isa = PBXGroup;
			children = (
				8F851C2BC1FF724BCE4C2746 /* AppDelegate.swift */,
				654F04EFCD263AE6A5D15331 /* AppEnvironment.swift */,
				8DD06CFC183C1CAC7FA104AB /* UchikomiApp.swift */,
			);
			path = App;
			sourceTree = "<group>";
		};
		03D462EB688278868763A4DF /* Models */ = {
			isa = PBXGroup;
			children = (
				3E4D95F83E8D7B930C133A00 /* Meal.swift */,
			);
			path = Models;
			sourceTree = "<group>";
		};
		0A83221E8E3DD07E300DB5F5 /* Core */ = {
			isa = PBXGroup;
			children = (
				3D156597270BE3D3C071FA55 /* Auth */,
				03D462EB688278868763A4DF /* Models */,
				39EFFCC2C6BAC7A5B3FD52C6 /* Network */,
				356CE3D851D0D85EC39AE6C7 /* Notification */,
				5B9BF1171E6F2B31EFAD1AA2 /* Repositories */,
			);
			path = Core;
			sourceTree = "<group>";
		};
		12042A58C9A5CFE1847BA3BC /* Components */ = {
			isa = PBXGroup;
			children = (
				A21E7FB1D3B311EA8DA5DA4F /* NutritionSummaryCard.swift */,
			);
			path = Components;
			sourceTree = "<group>";
		};
		34DBA1FFAE0799A3F2A7A165 /* Shared */ = {
			isa = PBXGroup;
			children = (
				BFA2222E86DCD9A696476C35 /* Theme.swift */,
				12042A58C9A5CFE1847BA3BC /* Components */,
				59D09B36A028648E98271E99 /* Extensions */,
				50CAEDA997D5CCC6543DD20E /* Models */,
			);
			path = Shared;
			sourceTree = "<group>";
		};
		356CE3D851D0D85EC39AE6C7 /* Notification */ = {
			isa = PBXGroup;
			children = (
				5458CC3DF20BF66229BBBBC4 /* NotificationManager.swift */,
			);
			path = Notification;
			sourceTree = "<group>";
		};
		39EFFCC2C6BAC7A5B3FD52C6 /* Network */ = {
			isa = PBXGroup;
			children = (
				7566864AF9A1104077390858 /* APIClient.swift */,
				2F19ED1AEBCFE77CED638ADA /* APIEndpoint.swift */,
				29390303E2235204CDE4AE9C /* APIError.swift */,
			);
			path = Network;
			sourceTree = "<group>";
		};
		3B0228BDF375C01D407BC1FA /* Features */ = {
			isa = PBXGroup;
			children = (
				6E44B8D5E3F2501D5107C6D2 /* Auth */,
				F9A0E061855B4AD583027E8F /* Meals */,
				8E78F29440A1A0CCA7B1C4BE /* Settings */,
				48D4E8675EB9A2A16276CD97 /* Weight */,
			);
			path = Features;
			sourceTree = "<group>";
		};
		3D156597270BE3D3C071FA55 /* Auth */ = {
			isa = PBXGroup;
			children = (
				9F429EF1E72BA21AAB5D650F /* AppleSignInManager.swift */,
				144E0E491A0CAA01D5ED1667 /* FirebaseAuthService.swift */,
				D110691FF801C9B691572637 /* MockFirebaseAuthService.swift */,
			);
			path = Auth;
			sourceTree = "<group>";
		};
		3E651095F76332EA0358CD05 /* Uchikomi */ = {
			isa = PBXGroup;
			children = (
				3108E437ABED88CC7EAA39E3 /* Uchikomi.entitlements */,
				02BA6CCAEA7675BB188D6972 /* App */,
				0A83221E8E3DD07E300DB5F5 /* Core */,
				3B0228BDF375C01D407BC1FA /* Features */,
				C38E632D2C00694840B6B798 /* Resources */,
				34DBA1FFAE0799A3F2A7A165 /* Shared */,
			);
			path = Uchikomi;
			sourceTree = "<group>";
		};
		46327D5263450653496D0FB9 /* Settings */ = {
			isa = PBXGroup;
			children = (
				DA42D088CCE3477078E9EDB7 /* NotificationSettingsModelTests.swift */,
				2F5628A80D5EB8CFEEE5712B /* NotificationSettingsViewModelTests.swift */,
			);
			path = Settings;
			sourceTree = "<group>";
		};
		48D4E8675EB9A2A16276CD97 /* Weight */ = {
			isa = PBXGroup;
			children = (
				E7A1EE73C03E23E5ABEDCD01 /* WeightInputView.swift */,
				165353821DFBE63F176DD5EC /* WeightInputViewModel.swift */,
				7618A20100D4B29C46ED6468 /* WeightView.swift */,
				2BC643F36132FFB60AD6C63F /* WeightViewModel.swift */,
				8D663B851B79C2C48BD5A3A9 /* Models */,
				AF4C7979C6475B7F4216F9F8 /* Views */,
			);
			path = Weight;
			sourceTree = "<group>";
		};
		50CAEDA997D5CCC6543DD20E /* Models */ = {
			isa = PBXGroup;
			children = (
				3A3EC520C975F7D5C9044B48 /* NotificationSettings.swift */,
			);
			path = Models;
			sourceTree = "<group>";
		};
		58696F19F30A422D600E69E2 /* Meals */ = {
			isa = PBXGroup;
			children = (
				CBD80B6D69ECA5BEDC5C6173 /* FoodEditItemTests.swift */,
				7A1AABFCF12551A7DC270FE0 /* MealInputManualFoodTests.swift */,
				F8B27EA596ED58D0CB9CB7BD /* MealInputViewModelSkipTests.swift */,
				184D67B65EAB24741CDFAB0D /* MealInputViewModelTests.swift */,
				F0DE89FB778FECC3E02500A2 /* QuantityParserTests.swift */,
			);
			path = Meals;
			sourceTree = "<group>";
		};
		59D09B36A028648E98271E99 /* Extensions */ = {
			isa = PBXGroup;
			children = (
			);
			path = Extensions;
			sourceTree = "<group>";
		};
		5B9BF1171E6F2B31EFAD1AA2 /* Repositories */ = {
			isa = PBXGroup;
			children = (
				636C4DA5C817D1B8E0F02AF2 /* MealRepository.swift */,
				D263D2BE9A384E6FEE79B283 /* WeightRepository.swift */,
			);
			path = Repositories;
			sourceTree = "<group>";
		};
		5D750EAFD57EBCFF7E9F88E7 /* Resources */ = {
			isa = PBXGroup;
			children = (
			);
			path = Resources;
			sourceTree = "<group>";
		};
		61B0C77EB58EA0A5195F7B58 = {
			isa = PBXGroup;
			children = (
				3E651095F76332EA0358CD05 /* Uchikomi */,
				82A158792ACECE95B24715C7 /* UchikomiCore */,
				A8DE7C8137F0E4A153447581 /* UchikomiTests */,
				BB3F36FCD59322D0DFB26D37 /* Products */,
			);
			sourceTree = "<group>";
		};
		6E44B8D5E3F2501D5107C6D2 /* Auth */ = {
			isa = PBXGroup;
			children = (
				BDFB317F298304ADE5A541E1 /* LoginView.swift */,
				DB076D4C09182F8F36C28530 /* LoginViewModel.swift */,
			);
			path = Auth;
			sourceTree = "<group>";
		};
		723A4593E934E94E364F0CC8 /* ViewModels */ = {
			isa = PBXGroup;
			children = (
				B35C15EC738FAEE58F76C129 /* NutritionEditorViewModel.swift */,
			);
			path = ViewModels;
			sourceTree = "<group>";
		};
		82A158792ACECE95B24715C7 /* UchikomiCore */ = {
			isa = PBXGroup;
			children = (
				AE867D1AB9A701599685364A /* Auth */,
				D3D637D046BEF0BAE23F17D4 /* Models */,
			);
			path = UchikomiCore;
			sourceTree = "<group>";
		};
		8D663B851B79C2C48BD5A3A9 /* Models */ = {
			isa = PBXGroup;
			children = (
				BB9B889F094B7078D80B6774 /* WeightRecord.swift */,
			);
			path = Models;
			sourceTree = "<group>";
		};
		8E78F29440A1A0CCA7B1C4BE /* Settings */ = {
			isa = PBXGroup;
			children = (
				111989CFA3D813C2AF3757AC /* NotificationSettingsView.swift */,
				BB97F37288E662D82E4D89B3 /* NotificationSettingsViewModel.swift */,
				35059CC7496A739452218269 /* SettingsView.swift */,
				EBD04E0A1E562544A36F2565 /* SettingsViewModel.swift */,
			);
			path = Settings;
			sourceTree = "<group>";
		};
		968CDD8F8842449928D66741 /* Weight */ = {
			isa = PBXGroup;
			children = (
				213294F059CDFA7FCD9035B1 /* WeightInputViewModelTests.swift */,
				98E56E0BE789B63D10663336 /* WeightViewModelTests.swift */,
			);
			path = Weight;
			sourceTree = "<group>";
		};
		9E652BE1B68421105C6F032B /* Generated */ = {
			isa = PBXGroup;
			children = (
				42D8BB07E83AA3271540B9F4 /* MockGenerated.swift */,
			);
			path = Generated;
			sourceTree = "<group>";
		};
		A8DE7C8137F0E4A153447581 /* UchikomiTests */ = {
			isa = PBXGroup;
			children = (
				D08FF0AB5413B6C56251BF43 /* .swiftlint.yml */,
				8F948686D9186C257FE8BB85 /* AuthManagerTests.swift */,
				D0EA52105EF5CB984E25B31E /* Features */,
				9E652BE1B68421105C6F032B /* Generated */,
				5D750EAFD57EBCFF7E9F88E7 /* Resources */,
			);
			path = UchikomiTests;
			sourceTree = "<group>";
		};
		AE867D1AB9A701599685364A /* Auth */ = {
			isa = PBXGroup;
			children = (
				60FBB22212EE45FDC05FA9F3 /* AuthManager.swift */,
				D780587BCB8A0793B32F0A2A /* FirebaseAuthServiceProtocol.swift */,
			);
			path = Auth;
			sourceTree = "<group>";
		};
		AEEEEAF83C83135A29BD459B /* Models */ = {
			isa = PBXGroup;
			children = (
				7270033D73999E560F355AF4 /* FoodEditItem.swift */,
				C6B8DB6DEF861594C8FEDA15 /* QuantityParser.swift */,
			);
			path = Models;
			sourceTree = "<group>";
		};
		AF4C7979C6475B7F4216F9F8 /* Views */ = {
			isa = PBXGroup;
			children = (
				638F820A12494A2EFF5BA0B2 /* WeightChartView.swift */,
				9238F2DC08000E93B04CCF6C /* WeightGoalCard.swift */,
				F3CBE0301E1CCA902D6671AB /* WeightGoalSheet.swift */,
				339AA9044DFFD3CF4742F75A /* WeightRecordRow.swift */,
			);
			path = Views;
			sourceTree = "<group>";
		};
		BB3F36FCD59322D0DFB26D37 /* Products */ = {
			isa = PBXGroup;
			children = (
				4D88D46424FDDACFA2C4BE21 /* Uchikomi.app */,
				E4456D284B8FFDA32C61020F /* UchikomiCore.framework */,
				5C3691AD20FAA39F54C59A01 /* UchikomiTests.xctest */,
			);
			name = Products;
			sourceTree = "<group>";
		};
		C38E632D2C00694840B6B798 /* Resources */ = {
			isa = PBXGroup;
			children = (
				73781A308EDE339E10EA5366 /* Assets.xcassets */,
				3CC9C3274E6A4F254CEAA6A1 /* GoogleService-Info.plist */,
				74BA1A7B25B0A786BB8F9486 /* Info.plist */,
			);
			path = Resources;
			sourceTree = "<group>";
		};
		D0EA52105EF5CB984E25B31E /* Features */ = {
			isa = PBXGroup;
			children = (
				58696F19F30A422D600E69E2 /* Meals */,
				46327D5263450653496D0FB9 /* Settings */,
				968CDD8F8842449928D66741 /* Weight */,
			);
			path = Features;
			sourceTree = "<group>";
		};
		D3D637D046BEF0BAE23F17D4 /* Models */ = {
			isa = PBXGroup;
			children = (
				0A410440853CE4376951B253 /* Auth.swift */,
			);
			path = Models;
			sourceTree = "<group>";
		};
		E8CF10AE782A231A542D265C /* Views */ = {
			isa = PBXGroup;
			children = (
				FB4E5055448E321007BE33D2 /* FoodItemEditRow.swift */,
				8193C72B63A234AA467F7E45 /* NutritionEditorView.swift */,
			);
			path = Views;
			sourceTree = "<group>";
		};
		F9A0E061855B4AD583027E8F /* Meals */ = {
			isa = PBXGroup;
			children = (
				EB7BAD65BDD3EECCD02645FD /* CameraView.swift */,
				12EDB121AC061828D06504D0 /* MealInputView.swift */,
				60D91DEAF3D61C3AD33B6715 /* MealInputViewModel.swift */,
				51EF1CA05F42093F7BCC75CA /* MealsView.swift */,
				D3EFCA36EC0123EE9C8DC57A /* MealsViewModel.swift */,
				AEEEEAF83C83135A29BD459B /* Models */,
				723A4593E934E94E364F0CC8 /* ViewModels */,
				E8CF10AE782A231A542D265C /* Views */,
			);
			path = Meals;
			sourceTree = "<group>";
		};
/* End PBXGroup section */

/* Begin PBXNativeTarget section */
		B600300EE7A5CB7D431959E3 /* Uchikomi */ = {
			isa = PBXNativeTarget;
			buildConfigurationList = 1C6F994B0B167391E287E1E3 /* Build configuration list for PBXNativeTarget "Uchikomi" */;
			buildPhases = (
				A7C6EE458C981F09D5C370FD /* Sources */,
				15D315F86BE1D07F7B956D34 /* Resources */,
				679A80CF2365EABC5D4CAE9B /* Frameworks */,
				8E77391B15DA3007FFDDD274 /* Embed Frameworks */,
			);
			buildRules = (
			);
			dependencies = (
				3FC0C1A36C2DA3105392AA5C /* PBXTargetDependency */,
			);
			name = Uchikomi;
			packageProductDependencies = (
				56C81F160193F22EB94EA0B2 /* FirebaseAuth */,
				5E51A7683A1290B3173CB499 /* GoogleSignIn */,
				66AE8D03922DFDF6355C2511 /* GoogleSignInSwift */,
			);
			productName = Uchikomi;
			productReference = 4D88D46424FDDACFA2C4BE21 /* Uchikomi.app */;
			productType = "com.apple.product-type.application";
		};
		C53720A77BB7F46352985FE6 /* UchikomiCore */ = {
			isa = PBXNativeTarget;
			buildConfigurationList = 09AA7D0EABAC3704260CDFFF /* Build configuration list for PBXNativeTarget "UchikomiCore" */;
			buildPhases = (
				0D9D6B702D3E4BE1BEF67F88 /* Sources */,
			);
			buildRules = (
			);
			dependencies = (
			);
			name = UchikomiCore;
			packageProductDependencies = (
			);
			productName = UchikomiCore;
			productReference = E4456D284B8FFDA32C61020F /* UchikomiCore.framework */;
			productType = "com.apple.product-type.framework";
		};
		D56DBD4CBE8568DC0A99CA74 /* UchikomiTests */ = {
			isa = PBXNativeTarget;
			buildConfigurationList = 99E35EDC7BE967FFEE91F483 /* Build configuration list for PBXNativeTarget "UchikomiTests" */;
			buildPhases = (
				0B683739C9C9462AD5169B8F /* Sources */,
				1FB2A3EC62A3EDD16EB000E3 /* Resources */,
				510175C1A9A9DDE74791F652 /* Frameworks */,
			);
			buildRules = (
			);
			dependencies = (
				5D6EF3CA9284C9E2CDE0E270 /* PBXTargetDependency */,
				8BC1A8E8891B7A4C4F0C0A1F /* PBXTargetDependency */,
			);
			name = UchikomiTests;
			packageProductDependencies = (
				10E2B29939E6D92AB198963D /* SnapshotTesting */,
			);
			productName = UchikomiTests;
			productReference = 5C3691AD20FAA39F54C59A01 /* UchikomiTests.xctest */;
			productType = "com.apple.product-type.bundle.unit-test";
		};
/* End PBXNativeTarget section */

/* Begin PBXProject section */
		BF52F75889D6BB9E1968612B /* Project object */ = {
			isa = PBXProject;
			attributes = {
				BuildIndependentTargetsInParallel = YES;
				LastUpgradeCheck = 1500;
				TargetAttributes = {
					B600300EE7A5CB7D431959E3 = {
						ProvisioningStyle = Automatic;
					};
					C53720A77BB7F46352985FE6 = {
						DevelopmentTeam = "";
						ProvisioningStyle = Automatic;
					};
					D56DBD4CBE8568DC0A99CA74 = {
						DevelopmentTeam = "";
						ProvisioningStyle = Automatic;
					};
				};
			};
			buildConfigurationList = 06459838C6F4B37A3EA10A13 /* Build configuration list for PBXProject "Uchikomi" */;
			compatibilityVersion = "Xcode 14.0";
			developmentRegion = en;
			hasScannedForEncodings = 0;
			knownRegions = (
				Base,
				en,
			);
			mainGroup = 61B0C77EB58EA0A5195F7B58;
			minimizedProjectReferenceProxies = 1;
			packageReferences = (
				235A2E5F189400B2711B5BC5 /* XCRemoteSwiftPackageReference "firebase-ios-sdk" */,
				210E3921DA83E5D403E3D7B7 /* XCRemoteSwiftPackageReference "GoogleSignIn-iOS" */,
				B9897A2270BD29BAFFDDF63F /* XCRemoteSwiftPackageReference "swift-snapshot-testing" */,
			);
			projectDirPath = "";
			projectRoot = "";
			targets = (
				B600300EE7A5CB7D431959E3 /* Uchikomi */,
				C53720A77BB7F46352985FE6 /* UchikomiCore */,
				D56DBD4CBE8568DC0A99CA74 /* UchikomiTests */,
			);
		};
/* End PBXProject section */

/* Begin PBXResourcesBuildPhase section */
		15D315F86BE1D07F7B956D34 /* Resources */ = {
			isa = PBXResourcesBuildPhase;
			buildActionMask = 2147483647;
			files = (
				56551A592DA89C0E19B257FF /* Assets.xcassets in Resources */,
				02AA3868F22B4D497DF98C4A /* GoogleService-Info.plist in Resources */,
			);
			runOnlyForDeploymentPostprocessing = 0;
		};
		1FB2A3EC62A3EDD16EB000E3 /* Resources */ = {
			isa = PBXResourcesBuildPhase;
			buildActionMask = 2147483647;
			files = (
				22180624F61C2C0F19B3ADBC /* .swiftlint.yml in Resources */,
			);
			runOnlyForDeploymentPostprocessing = 0;
		};
/* End PBXResourcesBuildPhase section */

/* Begin PBXSourcesBuildPhase section */
		0B683739C9C9462AD5169B8F /* Sources */ = {
			isa = PBXSourcesBuildPhase;
			buildActionMask = 2147483647;
			files = (
				928F02C73C3073928089B90A /* AuthManagerTests.swift in Sources */,
				DC915DC4CCA0EC233B1FA3DC /* FoodEditItemTests.swift in Sources */,
				3FEE4B5E8485D3E298A72408 /* MealInputManualFoodTests.swift in Sources */,
				405B649B457B315731D9CF97 /* MealInputViewModelSkipTests.swift in Sources */,
				CEF12EA06D304601907FD2B6 /* MealInputViewModelTests.swift in Sources */,
				C6B7EF6646FE85F7757EB154 /* MockGenerated.swift in Sources */,
				3C300AFADAC2D264E9069D05 /* NotificationSettingsModelTests.swift in Sources */,
				45D6AACBFF1252C4A9C6C7B2 /* NotificationSettingsViewModelTests.swift in Sources */,
				3FCC9E6AD3F302DDDC02FE67 /* QuantityParserTests.swift in Sources */,
				70726C309F0539D8BB60A33E /* WeightInputViewModelTests.swift in Sources */,
				2821BEEF2B0F58C17E96AEBF /* WeightViewModelTests.swift in Sources */,
			);
			runOnlyForDeploymentPostprocessing = 0;
		};
		0D9D6B702D3E4BE1BEF67F88 /* Sources */ = {
			isa = PBXSourcesBuildPhase;
			buildActionMask = 2147483647;
			files = (
				516AA1DBC0D4B43E4CBE7153 /* Auth.swift in Sources */,
				968CF1226C9FF56C24552E7C /* AuthManager.swift in Sources */,
				31C172F20CED1CB91F498F10 /* FirebaseAuthServiceProtocol.swift in Sources */,
			);
			runOnlyForDeploymentPostprocessing = 0;
		};
		A7C6EE458C981F09D5C370FD /* Sources */ = {
			isa = PBXSourcesBuildPhase;
			buildActionMask = 2147483647;
			files = (
				80C1E84D907E8AD6B18F82FC /* APIClient.swift in Sources */,
				3B26D80A8EC3B7EC05675E6F /* APIEndpoint.swift in Sources */,
				214BE413FC5F0DD36B7BBE0A /* APIError.swift in Sources */,
				5480C2A55D426869ACF0E45B /* AppDelegate.swift in Sources */,
				BF2DEC59EAA4AEE081186399 /* AppEnvironment.swift in Sources */,
				11289E4A7F0B4068E62C9064 /* AppleSignInManager.swift in Sources */,
				63B41CD47441987431C32377 /* CameraView.swift in Sources */,
				C68F4A4EA4C55E115D39ADB7 /* FirebaseAuthService.swift in Sources */,
				EEF299C65F3E2D388454ABF6 /* FoodEditItem.swift in Sources */,
				1FCF186149FC8849C784A7C1 /* FoodItemEditRow.swift in Sources */,
				9939611EB00A3F8CC08FAB5C /* LoginView.swift in Sources */,
				393D2E6F3C751FD1802F7D6E /* LoginViewModel.swift in Sources */,
				15FB70824FCCE86C38D34772 /* Meal.swift in Sources */,
				BCA7CB63D2B15F0B53BF0C14 /* MealInputView.swift in Sources */,
				9011CBE04F0819CF5A2D075D /* MealInputViewModel.swift in Sources */,
				5F5B7287856C23CF9B9C94D2 /* MealRepository.swift in Sources */,
				A8AC5BD7EE06114D2E276746 /* MealsView.swift in Sources */,
				10D425E1A1A4427B4EAEE826 /* MealsViewModel.swift in Sources */,
				B3D2D8854BFB1B4D794563D8 /* MockFirebaseAuthService.swift in Sources */,
				B1BF86A829BF5A63107F33C1 /* NotificationManager.swift in Sources */,
				22DC7B3450A37280C89A8A64 /* NotificationSettings.swift in Sources */,
				9E820E97DF8F143CB2DDED6E /* NotificationSettingsView.swift in Sources */,
				A02FAEFF3BEEC9BBC44E6291 /* NotificationSettingsViewModel.swift in Sources */,
				C864477C1DA0E0D314F4D617 /* NutritionEditorView.swift in Sources */,
				547CB089B8E479E5C1D0D55A /* NutritionEditorViewModel.swift in Sources */,
				936552E65ECC1A9F99EE503D /* NutritionSummaryCard.swift in Sources */,
				DC2E8F059156BD564A17EDBF /* QuantityParser.swift in Sources */,
				E278AC45E79840257F8A1253 /* SettingsView.swift in Sources */,
				F72A429C892F12634139B75B /* SettingsViewModel.swift in Sources */,
				9AFC5C49FDD964031F30E04C /* Theme.swift in Sources */,
				6B64EAE806E6B990E7D3D0E1 /* UchikomiApp.swift in Sources */,
				4B830E0923EAD47927AB349E /* WeightChartView.swift in Sources */,
				67FA1E5566B583F4558A3941 /* WeightGoalCard.swift in Sources */,
				7848B10E4D4CFAA85D5321BF /* WeightGoalSheet.swift in Sources */,
				90F865FA0B70BC7613FF31E8 /* WeightInputView.swift in Sources */,
				0ED646278CAD55B8CBFABAA4 /* WeightInputViewModel.swift in Sources */,
				18B33B30B796851296B10D0B /* WeightRecord.swift in Sources */,
				7D29394812008529F927A80F /* WeightRecordRow.swift in Sources */,
				71049E8892D4C8F5F42BF598 /* WeightRepository.swift in Sources */,
				9AC224A5F6470B885B8DDDC1 /* WeightView.swift in Sources */,
				0A764374EE9687C0474468F5 /* WeightViewModel.swift in Sources */,
			);
			runOnlyForDeploymentPostprocessing = 0;
		};
/* End PBXSourcesBuildPhase section */

/* Begin PBXTargetDependency section */
		3FC0C1A36C2DA3105392AA5C /* PBXTargetDependency */ = {
			isa = PBXTargetDependency;
			target = C53720A77BB7F46352985FE6 /* UchikomiCore */;
			targetProxy = 377C480D9D20362F09C9CC1F /* PBXContainerItemProxy */;
		};
		5D6EF3CA9284C9E2CDE0E270 /* PBXTargetDependency */ = {
			isa = PBXTargetDependency;
			target = B600300EE7A5CB7D431959E3 /* Uchikomi */;
			targetProxy = AE127F4E4D6C1DAA72D05084 /* PBXContainerItemProxy */;
		};
		8BC1A8E8891B7A4C4F0C0A1F /* PBXTargetDependency */ = {
			isa = PBXTargetDependency;
			target = C53720A77BB7F46352985FE6 /* UchikomiCore */;
			targetProxy = CF473514A5C0EC76D46775D6 /* PBXContainerItemProxy */;
		};
/* End PBXTargetDependency section */

/* Begin XCBuildConfiguration section */
		017293BDFFD92F8FDE3CFA51 /* Release */ = {
			isa = XCBuildConfiguration;
			buildSettings = {
				ASSETCATALOG_COMPILER_APPICON_NAME = AppIcon;
				CODE_SIGN_ENTITLEMENTS = Uchikomi/Uchikomi.entitlements;
				CODE_SIGN_IDENTITY = "iPhone Developer";
				CURRENT_PROJECT_VERSION = 1;
				DEVELOPMENT_TEAM = 8A3CRD2W9N;
				INFOPLIST_FILE = Uchikomi/Resources/Info.plist;
				LD_RUNPATH_SEARCH_PATHS = (
					"$(inherited)",
					"@executable_path/Frameworks",
				);
				MARKETING_VERSION = 1.0.0;
				PRODUCT_BUNDLE_IDENTIFIER = dev.exe.uchikomi;
				SDKROOT = iphoneos;
				SWIFT_EMIT_LOC_STRINGS = YES;
				TARGETED_DEVICE_FAMILY = 1;
			};
			name = Release;
		};
		04D3A9BAE111C1289ECC3344 /* Debug */ = {
			isa = XCBuildConfiguration;
			buildSettings = {
				BUNDLE_LOADER = "$(TEST_HOST)";
				GENERATE_INFOPLIST_FILE = YES;
				LD_RUNPATH_SEARCH_PATHS = (
					"$(inherited)",
					"@executable_path/Frameworks",
					"@loader_path/Frameworks",
				);
				PRODUCT_BUNDLE_IDENTIFIER = dev.exe.uchikomi.tests;
				SDKROOT = iphoneos;
				TARGETED_DEVICE_FAMILY = "1,2";
				TEST_HOST = "$(BUILT_PRODUCTS_DIR)/Uchikomi.app/$(BUNDLE_EXECUTABLE_FOLDER_PATH)/Uchikomi";
			};
			name = Debug;
		};
		417D6A7551A7AEAD3D2D0277 /* Debug */ = {
			isa = XCBuildConfiguration;
			buildSettings = {
				ASSETCATALOG_COMPILER_APPICON_NAME = AppIcon;
				CODE_SIGN_ENTITLEMENTS = Uchikomi/Uchikomi.entitlements;
				CODE_SIGN_IDENTITY = "iPhone Developer";
				CURRENT_PROJECT_VERSION = 1;
				DEVELOPMENT_TEAM = 8A3CRD2W9N;
				INFOPLIST_FILE = Uchikomi/Resources/Info.plist;
				LD_RUNPATH_SEARCH_PATHS = (
					"$(inherited)",
					"@executable_path/Frameworks",
				);
				MARKETING_VERSION = 1.0.0;
				PRODUCT_BUNDLE_IDENTIFIER = dev.exe.uchikomi;
				SDKROOT = iphoneos;
				SWIFT_EMIT_LOC_STRINGS = YES;
				TARGETED_DEVICE_FAMILY = 1;
			};
			name = Debug;
		};
		48DED03C5CCA4B5066CDBC5D /* Release */ = {
			isa = XCBuildConfiguration;
			buildSettings = {
				BUNDLE_LOADER = "$(TEST_HOST)";
				GENERATE_INFOPLIST_FILE = YES;
				LD_RUNPATH_SEARCH_PATHS = (
					"$(inherited)",
					"@executable_path/Frameworks",
					"@loader_path/Frameworks",
				);
				PRODUCT_BUNDLE_IDENTIFIER = dev.exe.uchikomi.tests;
				SDKROOT = iphoneos;
				TARGETED_DEVICE_FAMILY = "1,2";
				TEST_HOST = "$(BUILT_PRODUCTS_DIR)/Uchikomi.app/$(BUNDLE_EXECUTABLE_FOLDER_PATH)/Uchikomi";
			};
			name = Release;
		};
		66F5E8793687954DC5A61BB8 /* Debug */ = {
			isa = XCBuildConfiguration;
			buildSettings = {
				CODE_SIGN_IDENTITY = "";
				CURRENT_PROJECT_VERSION = 1;
				DEFINES_MODULE = YES;
				DYLIB_COMPATIBILITY_VERSION = 1;
				DYLIB_CURRENT_VERSION = 1;
				DYLIB_INSTALL_NAME_BASE = "@rpath";
				GENERATE_INFOPLIST_FILE = YES;
				INSTALL_PATH = "$(LOCAL_LIBRARY_DIR)/Frameworks";
				LD_RUNPATH_SEARCH_PATHS = (
					"$(inherited)",
					"@executable_path/Frameworks",
				);
				PRODUCT_BUNDLE_IDENTIFIER = dev.exe.uchikomi.core;
				SDKROOT = iphoneos;
				SKIP_INSTALL = YES;
				TARGETED_DEVICE_FAMILY = "1,2";
				VERSIONING_SYSTEM = "apple-generic";
			};
			name = Debug;
		};
		A66008966D14AE9CCC19BCCA /* Release */ = {
			isa = XCBuildConfiguration;
			buildSettings = {
				ALWAYS_SEARCH_USER_PATHS = NO;
				CLANG_ANALYZER_NONNULL = YES;
				CLANG_ANALYZER_NUMBER_OBJECT_CONVERSION = YES_AGGRESSIVE;
				CLANG_CXX_LANGUAGE_STANDARD = "gnu++14";
				CLANG_CXX_LIBRARY = "libc++";
				CLANG_ENABLE_MODULES = YES;
				CLANG_ENABLE_OBJC_ARC = YES;
				CLANG_ENABLE_OBJC_WEAK = YES;
				CLANG_WARN_BLOCK_CAPTURE_AUTORELEASING = YES;
				CLANG_WARN_BOOL_CONVERSION = YES;
				CLANG_WARN_COMMA = YES;
				CLANG_WARN_CONSTANT_CONVERSION = YES;
				CLANG_WARN_DEPRECATED_OBJC_IMPLEMENTATIONS = YES;
				CLANG_WARN_DIRECT_OBJC_ISA_USAGE = YES_ERROR;
				CLANG_WARN_DOCUMENTATION_COMMENTS = YES;
				CLANG_WARN_EMPTY_BODY = YES;
				CLANG_WARN_ENUM_CONVERSION = YES;
				CLANG_WARN_INFINITE_RECURSION = YES;
				CLANG_WARN_INT_CONVERSION = YES;
				CLANG_WARN_NON_LITERAL_NULL_CONVERSION = YES;
				CLANG_WARN_OBJC_IMPLICIT_RETAIN_SELF = YES;
				CLANG_WARN_OBJC_LITERAL_CONVERSION = YES;
				CLANG_WARN_OBJC_ROOT_CLASS = YES_ERROR;
				CLANG_WARN_QUOTED_INCLUDE_IN_FRAMEWORK_HEADER = YES;
				CLANG_WARN_RANGE_LOOP_ANALYSIS = YES;
				CLANG_WARN_STRICT_PROTOTYPES = YES;
				CLANG_WARN_SUSPICIOUS_MOVE = YES;
				CLANG_WARN_UNGUARDED_AVAILABILITY = YES_AGGRESSIVE;
				CLANG_WARN_UNREACHABLE_CODE = YES;
				CLANG_WARN__DUPLICATE_METHOD_MATCH = YES;
				CODE_SIGN_STYLE = Automatic;
				COPY_PHASE_STRIP = NO;
				DEBUG_INFORMATION_FORMAT = "dwarf-with-dsym";
				DEVELOPMENT_TEAM = "";
				ENABLE_NS_ASSERTIONS = NO;
				ENABLE_STRICT_OBJC_MSGSEND = YES;
				GCC_C_LANGUAGE_STANDARD = gnu11;
				GCC_NO_COMMON_BLOCKS = YES;
				GCC_WARN_64_TO_32_BIT_CONVERSION = YES;
				GCC_WARN_ABOUT_RETURN_TYPE = YES_ERROR;
				GCC_WARN_UNDECLARED_SELECTOR = YES;
				GCC_WARN_UNINITIALIZED_AUTOS = YES_AGGRESSIVE;
				GCC_WARN_UNUSED_FUNCTION = YES;
				GCC_WARN_UNUSED_VARIABLE = YES;
				IPHONEOS_DEPLOYMENT_TARGET = 17.0;
				MTL_ENABLE_DEBUG_INFO = NO;
				MTL_FAST_MATH = YES;
				PRODUCT_NAME = "$(TARGET_NAME)";
				SDKROOT = iphoneos;
				SWIFT_COMPILATION_MODE = wholemodule;
				SWIFT_OPTIMIZATION_LEVEL = "-O";
				SWIFT_VERSION = 5.9;
			};
			name = Release;
		};
		DEB831B0449DF214CD1DBE85 /* Release */ = {
			isa = XCBuildConfiguration;
			buildSettings = {
				CODE_SIGN_IDENTITY = "";
				CURRENT_PROJECT_VERSION = 1;
				DEFINES_MODULE = YES;
				DYLIB_COMPATIBILITY_VERSION = 1;
				DYLIB_CURRENT_VERSION = 1;
				DYLIB_INSTALL_NAME_BASE = "@rpath";
				GENERATE_INFOPLIST_FILE = YES;
				INSTALL_PATH = "$(LOCAL_LIBRARY_DIR)/Frameworks";
				LD_RUNPATH_SEARCH_PATHS = (
					"$(inherited)",
					"@executable_path/Frameworks",
				);
				PRODUCT_BUNDLE_IDENTIFIER = dev.exe.uchikomi.core;
				SDKROOT = iphoneos;
				SKIP_INSTALL = YES;
				TARGETED_DEVICE_FAMILY = "1,2";
				VERSIONING_SYSTEM = "apple-generic";
			};
			name = Release;
		};
		E31EB0D6397E2A86747FC61D /* Debug */ = {
			isa = XCBuildConfiguration;
			buildSettings = {
				ALWAYS_SEARCH_USER_PATHS = NO;
				CLANG_ANALYZER_NONNULL = YES;
				CLANG_ANALYZER_NUMBER_OBJECT_CONVERSION = YES_AGGRESSIVE;
				CLANG_CXX_LANGUAGE_STANDARD = "gnu++14";
				CLANG_CXX_LIBRARY = "libc++";
				CLANG_ENABLE_MODULES = YES;
				CLANG_ENABLE_OBJC_ARC = YES;
				CLANG_ENABLE_OBJC_WEAK = YES;
				CLANG_WARN_BLOCK_CAPTURE_AUTORELEASING = YES;
				CLANG_WARN_BOOL_CONVERSION = YES;
				CLANG_WARN_COMMA = YES;
				CLANG_WARN_CONSTANT_CONVERSION = YES;
				CLANG_WARN_DEPRECATED_OBJC_IMPLEMENTATIONS = YES;
				CLANG_WARN_DIRECT_OBJC_ISA_USAGE = YES_ERROR;
				CLANG_WARN_DOCUMENTATION_COMMENTS = YES;
				CLANG_WARN_EMPTY_BODY = YES;
				CLANG_WARN_ENUM_CONVERSION = YES;
				CLANG_WARN_INFINITE_RECURSION = YES;
				CLANG_WARN_INT_CONVERSION = YES;
				CLANG_WARN_NON_LITERAL_NULL_CONVERSION = YES;
				CLANG_WARN_OBJC_IMPLICIT_RETAIN_SELF = YES;
				CLANG_WARN_OBJC_LITERAL_CONVERSION = YES;
				CLANG_WARN_OBJC_ROOT_CLASS = YES_ERROR;
				CLANG_WARN_QUOTED_INCLUDE_IN_FRAMEWORK_HEADER = YES;
				CLANG_WARN_RANGE_LOOP_ANALYSIS = YES;
				CLANG_WARN_STRICT_PROTOTYPES = YES;
				CLANG_WARN_SUSPICIOUS_MOVE = YES;
				CLANG_WARN_UNGUARDED_AVAILABILITY = YES_AGGRESSIVE;
				CLANG_WARN_UNREACHABLE_CODE = YES;
				CLANG_WARN__DUPLICATE_METHOD_MATCH = YES;
				CODE_SIGN_STYLE = Automatic;
				COPY_PHASE_STRIP = NO;
				DEBUG_INFORMATION_FORMAT = dwarf;
				DEVELOPMENT_TEAM = "";
				ENABLE_STRICT_OBJC_MSGSEND = YES;
				ENABLE_TESTABILITY = YES;
				GCC_C_LANGUAGE_STANDARD = gnu11;
				GCC_DYNAMIC_NO_PIC = NO;
				GCC_NO_COMMON_BLOCKS = YES;
				GCC_OPTIMIZATION_LEVEL = 0;
				GCC_PREPROCESSOR_DEFINITIONS = (
					"$(inherited)",
					"DEBUG=1",
				);
				GCC_WARN_64_TO_32_BIT_CONVERSION = YES;
				GCC_WARN_ABOUT_RETURN_TYPE = YES_ERROR;
				GCC_WARN_UNDECLARED_SELECTOR = YES;
				GCC_WARN_UNINITIALIZED_AUTOS = YES_AGGRESSIVE;
				GCC_WARN_UNUSED_FUNCTION = YES;
				GCC_WARN_UNUSED_VARIABLE = YES;
				IPHONEOS_DEPLOYMENT_TARGET = 17.0;
				MTL_ENABLE_DEBUG_INFO = INCLUDE_SOURCE;
				MTL_FAST_MATH = YES;
				ONLY_ACTIVE_ARCH = YES;
				PRODUCT_NAME = "$(TARGET_NAME)";
				SDKROOT = iphoneos;
				SWIFT_ACTIVE_COMPILATION_CONDITIONS = DEBUG;
				SWIFT_OPTIMIZATION_LEVEL = "-Onone";
				SWIFT_VERSION = 5.9;
			};
			name = Debug;
		};
/* End XCBuildConfiguration section */

/* Begin XCConfigurationList section */
		06459838C6F4B37A3EA10A13 /* Build configuration list for PBXProject "Uchikomi" */ = {
			isa = XCConfigurationList;
			buildConfigurations = (
				E31EB0D6397E2A86747FC61D /* Debug */,
				A66008966D14AE9CCC19BCCA /* Release */,
			);
			defaultConfigurationIsVisible = 0;
			defaultConfigurationName = Debug;
		};
		09AA7D0EABAC3704260CDFFF /* Build configuration list for PBXNativeTarget "UchikomiCore" */ = {
			isa = XCConfigurationList;
			buildConfigurations = (
				66F5E8793687954DC5A61BB8 /* Debug */,
				DEB831B0449DF214CD1DBE85 /* Release */,
			);
			defaultConfigurationIsVisible = 0;
			defaultConfigurationName = Debug;
		};
		1C6F994B0B167391E287E1E3 /* Build configuration list for PBXNativeTarget "Uchikomi" */ = {
			isa = XCConfigurationList;
			buildConfigurations = (
				417D6A7551A7AEAD3D2D0277 /* Debug */,
				017293BDFFD92F8FDE3CFA51 /* Release */,
			);
			defaultConfigurationIsVisible = 0;
			defaultConfigurationName = Debug;
		};
		99E35EDC7BE967FFEE91F483 /* Build configuration list for PBXNativeTarget "UchikomiTests" */ = {
			isa = XCConfigurationList;
			buildConfigurations = (
				04D3A9BAE111C1289ECC3344 /* Debug */,
				48DED03C5CCA4B5066CDBC5D /* Release */,
			);
			defaultConfigurationIsVisible = 0;
			defaultConfigurationName = Debug;
		};
/* End XCConfigurationList section */

/* Begin XCRemoteSwiftPackageReference section */
		210E3921DA83E5D403E3D7B7 /* XCRemoteSwiftPackageReference "GoogleSignIn-iOS" */ = {
			isa = XCRemoteSwiftPackageReference;
			repositoryURL = "https://github.com/google/GoogleSignIn-iOS";
			requirement = {
				kind = upToNextMajorVersion;
				minimumVersion = 8.0.0;
			};
		};
		235A2E5F189400B2711B5BC5 /* XCRemoteSwiftPackageReference "firebase-ios-sdk" */ = {
			isa = XCRemoteSwiftPackageReference;
			repositoryURL = "https://github.com/firebase/firebase-ios-sdk";
			requirement = {
				kind = exactVersion;
				version = 11.15.0;
			};
		};
		B9897A2270BD29BAFFDDF63F /* XCRemoteSwiftPackageReference "swift-snapshot-testing" */ = {
			isa = XCRemoteSwiftPackageReference;
			repositoryURL = "https://github.com/pointfreeco/swift-snapshot-testing";
			requirement = {
				kind = upToNextMajorVersion;
				minimumVersion = 1.17.0;
			};
		};
/* End XCRemoteSwiftPackageReference section */

/* Begin XCSwiftPackageProductDependency section */
		10E2B29939E6D92AB198963D /* SnapshotTesting */ = {
			isa = XCSwiftPackageProductDependency;
			package = B9897A2270BD29BAFFDDF63F /* XCRemoteSwiftPackageReference "swift-snapshot-testing" */;
			productName = SnapshotTesting;
		};
		56C81F160193F22EB94EA0B2 /* FirebaseAuth */ = {
			isa = XCSwiftPackageProductDependency;
			package = 235A2E5F189400B2711B5BC5 /* XCRemoteSwiftPackageReference "firebase-ios-sdk" */;
			productName = FirebaseAuth;
		};
		5E51A7683A1290B3173CB499 /* GoogleSignIn */ = {
			isa = XCSwiftPackageProductDependency;
			package = 210E3921DA83E5D403E3D7B7 /* XCRemoteSwiftPackageReference "GoogleSignIn-iOS" */;
			productName = GoogleSignIn;
		};
		66AE8D03922DFDF6355C2511 /* GoogleSignInSwift */ = {
			isa = XCSwiftPackageProductDependency;
			package = 210E3921DA83E5D403E3D7B7 /* XCRemoteSwiftPackageReference "GoogleSignIn-iOS" */;
			productName = GoogleSignInSwift;
		};
/* End XCSwiftPackageProductDependency section */
	};
	rootObject = BF52F75889D6BB9E1968612B /* Project object */;
}
